
Microsoft Visual Studio Solution File, Format Version 12.00
# Visual Studio Version 17
VisualStudioVersion = 17.14.36511.14
MinimumVisualStudioVersion = 10.0.40219.1
Project("{54A90642-561A-4BB1-A94E-469ADEE60C69}") = "reactcrud.client", "reactcrud.client\reactcrud.client.esproj", "{250FC760-854F-3DBA-E406-7262EADA2AD1}"
EndProject
Project("{FAE04EC0-301F-11D3-BF4B-00C04F79EFBC}") = "ReactCRUD.Server", "ReactCRUD.Server\ReactCRUD.Server.csproj", "{9F5092CC-2209-487A-AD6A-6C7360A2413B}"
EndProject
Project("{FAE04EC0-301F-11D3-BF4B-00C04F79EFBC}") = "ReactCRUD.Data", "ReactCRUD.Data\ReactCRUD.Data.csproj", "{9C307879-615B-4BE0-94F7-38D95132384B}"
EndProject
Project("{FAE04EC0-301F-11D3-BF4B-00C04F79EFBC}") = "ReactCRUD.Core", "ReactCRUD.Core\ReactCRUD.Core.csproj", "{AE988FCC-D069-4FEC-B2DA-7157A5CA2286}"
EndProject
Project("{FAE04EC0-301F-11D3-BF4B-00C04F79EFBC}") = "ReactCRUD.ApplicationServices", "ReactCRUD.ApplicationServices\ReactCRUD.ApplicationServices.csproj", "{0C5C3D54-9B3D-4D32-B295-DDF565869690}"
EndProject
Global
	GlobalSection(SolutionConfigurationPlatforms) = preSolution
		Debug|Any CPU = Debug|Any CPU
		Release|Any CPU = Release|Any CPU
	EndGlobalSection
	GlobalSection(ProjectConfigurationPlatforms) = postSolution
		{250FC760-854F-3DBA-E406-7262EADA2AD1}.Debug|Any CPU.ActiveCfg = Debug|Any CPU
		{250FC760-854F-3DBA-E406-7262EADA2AD1}.Debug|Any CPU.Build.0 = Debug|Any CPU
		{250FC760-854F-3DBA-E406-7262EADA2AD1}.Debug|Any CPU.Deploy.0 = Debug|Any CPU
		{250FC760-854F-3DBA-E406-7262EADA2AD1}.Release|Any CPU.ActiveCfg = Release|Any CPU
		{250FC760-854F-3DBA-E406-7262EADA2AD1}.Release|Any CPU.Build.0 = Release|Any CPU
		{250FC760-854F-3DBA-E406-7262EADA2AD1}.Release|Any CPU.Deploy.0 = Release|Any CPU
		{9F5092CC-2209-487A-AD6A-6C7360A2413B}.Debug|Any CPU.ActiveCfg = Debug|Any CPU
		{9F5092CC-2209-487A-AD6A-6C7360A2413B}.Debug|Any CPU.Build.0 = Debug|Any CPU
		{9F5092CC-2209-487A-AD6A-6C7360A2413B}.Release|Any CPU.ActiveCfg = Release|Any CPU
		{9F5092CC-2209-487A-AD6A-6C7360A2413B}.Release|Any CPU.Build.0 = Release|Any CPU
		{9C307879-615B-4BE0-94F7-38D95132384B}.Debug|Any CPU.ActiveCfg = Debug|Any CPU
		{9C307879-615B-4BE0-94F7-38D95132384B}.Debug|Any CPU.Build.0 = Debug|Any CPU
		{9C307879-615B-4BE0-94F7-38D95132384B}.Release|Any CPU.ActiveCfg = Release|Any CPU
		{9C307879-615B-4BE0-94F7-38D95132384B}.Release|Any CPU.Build.0 = Release|Any CPU
		{AE988FCC-D069-4FEC-B2DA-7157A5CA2286}.Debug|Any CPU.ActiveCfg = Debug|Any CPU
		{AE988FCC-D069-4FEC-B2DA-7157A5CA2286}.Debug|Any CPU.Build.0 = Debug|Any CPU
		{AE988FCC-D069-4FEC-B2DA-7157A5CA2286}.Release|Any CPU.ActiveCfg = Release|Any CPU
		{AE988FCC-D069-4FEC-B2DA-7157A5CA2286}.Release|Any CPU.Build.0 = Release|Any CPU
		{0C5C3D54-9B3D-4D32-B295-DDF565869690}.Debug|Any CPU.ActiveCfg = Debug|Any CPU
		{0C5C3D54-9B3D-4D32-B295-DDF565869690}.Debug|Any CPU.Build.0 = Debug|Any CPU
		{0C5C3D54-9B3D-4D32-B295-DDF565869690}.Release|Any CPU.ActiveCfg = Release|Any CPU
		{0C5C3D54-9B3D-4D32-B295-DDF565869690}.Release|Any CPU.Build.0 = Release|Any CPU
	EndGlobalSection
	GlobalSection(SolutionProperties) = preSolution
		HideSolutionNode = FALSE
	EndGlobalSection
	GlobalSection(ExtensibilityGlobals) = postSolution
		SolutionGuid = {5687619B-4B26-46AB-98BC-22BBB3C63F76}
	EndGlobalSection
EndGlobal
